
Microsoft Visual Studio Solution File, Format Version 12.00
Project("{FAE04EC0-301F-11D3-BF4B-00C04F79EFBC}") = "OnTheBeach", "OnTheBeach\OnTheBeach.csproj", "{8584B6EA-1227-496F-9482-C98D27ABAB85}"
EndProject
Project("{FAE04EC0-301F-11D3-BF4B-00C04F79EFBC}") = "OnTheBeach.Tests", "OnTheBeach.Tests\OnTheBeach.Tests.csproj", "{EF6F43BB-812F-40CE-8B5E-2B68767A554A}"
EndProject
Global
	GlobalSection(SolutionConfigurationPlatforms) = preSolution
		Debug|Any CPU = Debug|Any CPU
		Release|Any CPU = Release|Any CPU
	EndGlobalSection
	GlobalSection(ProjectConfigurationPlatforms) = postSolution
		{8584B6EA-1227-496F-9482-C98D27ABAB85}.Debug|Any CPU.ActiveCfg = Debug|Any CPU
		{8584B6EA-1227-496F-9482-C98D27ABAB85}.Debug|Any CPU.Build.0 = Debug|Any CPU
		{8584B6EA-1227-496F-9482-C98D27ABAB85}.Release|Any CPU.ActiveCfg = Release|Any CPU
		{8584B6EA-1227-496F-9482-C98D27ABAB85}.Release|Any CPU.Build.0 = Release|Any CPU
		{EF6F43BB-812F-40CE-8B5E-2B68767A554A}.Debug|Any CPU.ActiveCfg = Debug|Any CPU
		{EF6F43BB-812F-40CE-8B5E-2B68767A554A}.Debug|Any CPU.Build.0 = Debug|Any CPU
		{EF6F43BB-812F-40CE-8B5E-2B68767A554A}.Release|Any CPU.ActiveCfg = Release|Any CPU
		{EF6F43BB-812F-40CE-8B5E-2B68767A554A}.Release|Any CPU.Build.0 = Release|Any CPU
	EndGlobalSection
EndGlobal
